
Microsoft Visual Studio Solution File, Format Version 12.00
# Visual Studio Version 17
VisualStudioVersion = 17.4.33122.133
MinimumVisualStudioVersion = 10.0.40219.1
Project("{FAE04EC0-301F-11D3-BF4B-00C04F79EFBC}") = "Vending Machine", "Vending Machine.csproj", "{BA3FE23F-4974-41AE-8957-367604A8D9C5}"
EndProject
Global
	GlobalSection(SolutionConfigurationPlatforms) = preSolution
		Debug|Any CPU = Debug|Any CPU
		Release|Any CPU = Release|Any CPU
	EndGlobalSection
	GlobalSection(ProjectConfigurationPlatforms) = postSolution
		{BA3FE23F-4974-41AE-8957-367604A8D9C5}.Debug|Any CPU.ActiveCfg = Debug|Any CPU
		{BA3FE23F-4974-41AE-8957-367604A8D9C5}.Debug|Any CPU.Build.0 = Debug|Any CPU
		{BA3FE23F-4974-41AE-8957-367604A8D9C5}.Release|Any CPU.ActiveCfg = Release|Any CPU
		{BA3FE23F-4974-41AE-8957-367604A8D9C5}.Release|Any CPU.Build.0 = Release|Any CPU
	EndGlobalSection
	GlobalSection(SolutionProperties) = preSolution
		HideSolutionNode = FALSE
	EndGlobalSection
	GlobalSection(ExtensibilityGlobals) = postSolution
		SolutionGuid = {FD773FE7-6D2A-4486-8970-7332CA538757}
	EndGlobalSection
EndGlobal
